
Microsoft Visual Studio Solution File, Format Version 12.00
# Visual Studio Version 16
VisualStudioVersion = 16.0.31112.23
MinimumVisualStudioVersion = 10.0.40219.1
Project("{FAE04EC0-301F-11D3-BF4B-00C04F79EFBC}") = "DataAccess", "DataAccess\DataAccess.csproj", "{4A9FBB12-802C-44E9-AD89-6456D8FDA083}"
EndProject
Project("{FAE04EC0-301F-11D3-BF4B-00C04F79EFBC}") = "Business", "Business\Business.csproj", "{BBD5EF16-E064-4A71-BF46-14523DC4187E}"
EndProject
Project("{FAE04EC0-301F-11D3-BF4B-00C04F79EFBC}") = "Entities", "Entities\Entities.csproj", "{39FE51DD-7BB2-4D15-AF0B-8F87A06B863C}"
EndProject
Project("{FAE04EC0-301F-11D3-BF4B-00C04F79EFBC}") = "ConsoleUI", "ConsoleUI\ConsoleUI.csproj", "{72944657-3A94-4490-9264-BBF4A95709AC}"
EndProject
Global
	GlobalSection(SolutionConfigurationPlatforms) = preSolution
		Debug|Any CPU = Debug|Any CPU
		Release|Any CPU = Release|Any CPU
	EndGlobalSection
	GlobalSection(ProjectConfigurationPlatforms) = postSolution
		{4A9FBB12-802C-44E9-AD89-6456D8FDA083}.Debug|Any CPU.ActiveCfg = Debug|Any CPU
		{4A9FBB12-802C-44E9-AD89-6456D8FDA083}.Debug|Any CPU.Build.0 = Debug|Any CPU
		{4A9FBB12-802C-44E9-AD89-6456D8FDA083}.Release|Any CPU.ActiveCfg = Release|Any CPU
		{4A9FBB12-802C-44E9-AD89-6456D8FDA083}.Release|Any CPU.Build.0 = Release|Any CPU
		{BBD5EF16-E064-4A71-BF46-14523DC4187E}.Debug|Any CPU.ActiveCfg = Debug|Any CPU
		{BBD5EF16-E064-4A71-BF46-14523DC4187E}.Debug|Any CPU.Build.0 = Debug|Any CPU
		{BBD5EF16-E064-4A71-BF46-14523DC4187E}.Release|Any CPU.ActiveCfg = Release|Any CPU
		{BBD5EF16-E064-4A71-BF46-14523DC4187E}.Release|Any CPU.Build.0 = Release|Any CPU
		{39FE51DD-7BB2-4D15-AF0B-8F87A06B863C}.Debug|Any CPU.ActiveCfg = Debug|Any CPU
		{39FE51DD-7BB2-4D15-AF0B-8F87A06B863C}.Debug|Any CPU.Build.0 = Debug|Any CPU
		{39FE51DD-7BB2-4D15-AF0B-8F87A06B863C}.Release|Any CPU.ActiveCfg = Release|Any CPU
		{39FE51DD-7BB2-4D15-AF0B-8F87A06B863C}.Release|Any CPU.Build.0 = Release|Any CPU
		{72944657-3A94-4490-9264-BBF4A95709AC}.Debug|Any CPU.ActiveCfg = Debug|Any CPU
		{72944657-3A94-4490-9264-BBF4A95709AC}.Debug|Any CPU.Build.0 = Debug|Any CPU
		{72944657-3A94-4490-9264-BBF4A95709AC}.Release|Any CPU.ActiveCfg = Release|Any CPU
		{72944657-3A94-4490-9264-BBF4A95709AC}.Release|Any CPU.Build.0 = Release|Any CPU
	EndGlobalSection
	GlobalSection(SolutionProperties) = preSolution
		HideSolutionNode = FALSE
	EndGlobalSection
	GlobalSection(ExtensibilityGlobals) = postSolution
		SolutionGuid = {5FC9C8F6-47AA-430B-884C-F6BA01B8F514}
	EndGlobalSection
EndGlobal
